
Microsoft Visual Studio Solution File, Format Version 12.00
# Visual Studio 15
VisualStudioVersion = 15.0.28307.1062
MinimumVisualStudioVersion = 10.0.40219.1
Project("{8BC9CEB8-8B4A-11D0-8D11-00A0C91BC942}") = "PMEngine", "PMEngine\PMEngine.vcxproj", "{FECCDD40-629B-4D15-B0CF-535264C3A335}"
EndProject
Project("{8BC9CEB8-8B4A-11D0-8D11-00A0C91BC942}") = "Sample", "Sample\Sample.vcxproj", "{C7536F07-26FC-431D-91E4-E3E99465F47F}"
EndProject
Global
	GlobalSection(SolutionConfigurationPlatforms) = preSolution
		Debug|x64 = Debug|x64
		Debug|x86 = Debug|x86
		Release|x64 = Release|x64
		Release|x86 = Release|x86
	EndGlobalSection
	GlobalSection(ProjectConfigurationPlatforms) = postSolution
		{FECCDD40-629B-4D15-B0CF-535264C3A335}.Debug|x64.ActiveCfg = Debug|Win32
		{FECCDD40-629B-4D15-B0CF-535264C3A335}.Debug|x64.Build.0 = Debug|Win32
		{FECCDD40-629B-4D15-B0CF-535264C3A335}.Debug|x86.ActiveCfg = Debug|Win32
		{FECCDD40-629B-4D15-B0CF-535264C3A335}.Debug|x86.Build.0 = Debug|Win32
		{FECCDD40-629B-4D15-B0CF-535264C3A335}.Release|x64.ActiveCfg = Release|x64
		{FECCDD40-629B-4D15-B0CF-535264C3A335}.Release|x64.Build.0 = Release|x64
		{FECCDD40-629B-4D15-B0CF-535264C3A335}.Release|x86.ActiveCfg = Release|Win32
		{FECCDD40-629B-4D15-B0CF-535264C3A335}.Release|x86.Build.0 = Release|Win32
		{C7536F07-26FC-431D-91E4-E3E99465F47F}.Debug|x64.ActiveCfg = Debug|Win32
		{C7536F07-26FC-431D-91E4-E3E99465F47F}.Debug|x64.Build.0 = Debug|Win32
		{C7536F07-26FC-431D-91E4-E3E99465F47F}.Debug|x86.ActiveCfg = Debug|Win32
		{C7536F07-26FC-431D-91E4-E3E99465F47F}.Debug|x86.Build.0 = Debug|Win32
		{C7536F07-26FC-431D-91E4-E3E99465F47F}.Release|x64.ActiveCfg = Release|x64
		{C7536F07-26FC-431D-91E4-E3E99465F47F}.Release|x64.Build.0 = Release|x64
		{C7536F07-26FC-431D-91E4-E3E99465F47F}.Release|x86.ActiveCfg = Release|Win32
		{C7536F07-26FC-431D-91E4-E3E99465F47F}.Release|x86.Build.0 = Release|Win32
	EndGlobalSection
	GlobalSection(SolutionProperties) = preSolution
		HideSolutionNode = FALSE
	EndGlobalSection
	GlobalSection(ExtensibilityGlobals) = postSolution
		SolutionGuid = {971EC5F9-00F8-4854-85BF-5F0728EC2D4C}
	EndGlobalSection
EndGlobal
